
Microsoft Visual Studio Solution File, Format Version 12.00
# Visual Studio Version 16
VisualStudioVersion = 16.0.31424.327
MinimumVisualStudioVersion = 10.0.40219.1
Project("{FAE04EC0-301F-11D3-BF4B-00C04F79EFBC}") = "AbstractFactory", "AbstractFactory.csproj", "{5700C72D-BFBF-4659-94E7-560E4DA75B98}"
EndProject
Global
	GlobalSection(SolutionConfigurationPlatforms) = preSolution
		Debug|Any CPU = Debug|Any CPU
		Release|Any CPU = Release|Any CPU
	EndGlobalSection
	GlobalSection(ProjectConfigurationPlatforms) = postSolution
		{5700C72D-BFBF-4659-94E7-560E4DA75B98}.Debug|Any CPU.ActiveCfg = Debug|Any CPU
		{5700C72D-BFBF-4659-94E7-560E4DA75B98}.Debug|Any CPU.Build.0 = Debug|Any CPU
		{5700C72D-BFBF-4659-94E7-560E4DA75B98}.Release|Any CPU.ActiveCfg = Release|Any CPU
		{5700C72D-BFBF-4659-94E7-560E4DA75B98}.Release|Any CPU.Build.0 = Release|Any CPU
	EndGlobalSection
	GlobalSection(SolutionProperties) = preSolution
		HideSolutionNode = FALSE
	EndGlobalSection
	GlobalSection(ExtensibilityGlobals) = postSolution
		SolutionGuid = {E552200F-BC62-47C2-BC76-FD73CA1771F4}
	EndGlobalSection
EndGlobal
